{
  "name": ".support-status",
  "lockfileVersion": 2,
  "requires": true,
  "packages": {
    "": {
      "dependencies": {
        "get-3gpp-spec": "github:proj3rd/get-3gpp-spec"
      },
      "devDependencies": {
        "@types/node": "^18.15.11",
        "typescript": "^5.0.3"
      }
    },
    "node_modules/@types/node": {
      "version": "18.15.11",
      "resolved": "https://registry.npmjs.org/@types/node/-/node-18.15.11.tgz",
      "integrity": "sha512-E5Kwq2n4SbMzQOn6wnmBjuK9ouqlURrcZDVfbo9ftDDTFt3nk7ZKK4GMOzoYgnpQJKcxwQw+lGaBvvlMo0qN/Q==",
      "dev": true
    },
    "node_modules/basic-ftp": {
      "version": "5.0.2",
      "resolved": "https://registry.npmjs.org/basic-ftp/-/basic-ftp-5.0.2.tgz",
      "integrity": "sha512-NgkBwqp7rkhIUBaxLwL601lvUuBUvShJocrLYdiyTsH1WeP/wofMdooZ4p6hz+4hqiU59PBOj0EkaqELwFJLuQ==",
      "engines": {
        "node": ">=10.0.0"
      }
    },
    "node_modules/get-3gpp-spec": {
      "version": "1.1.2",
      "resolved": "git+ssh://git@github.com/proj3rd/get-3gpp-spec.git#9b78b8461ec69b7cecfb187f815dec5f8e9afd70",
      "license": "MIT",
      "dependencies": {
        "basic-ftp": "^5.0.2"
      },
      "bin": {
        "get-3gpp-spec": "dist/cli.js"
      }
    },
    "node_modules/typescript": {
      "version": "5.0.3",
      "resolved": "https://registry.npmjs.org/typescript/-/typescript-5.0.3.tgz",
      "integrity": "sha512-xv8mOEDnigb/tN9PSMTwSEqAnUvkoXMQlicOb0IUVDBSQCgBSaAAROUZYy2IcUy5qU6XajK5jjjO7TMWqBTKZA==",
      "dev": true,
      "bin": {
        "tsc": "bin/tsc",
        "tsserver": "bin/tsserver"
      },
      "engines": {
        "node": ">=12.20"
      }
    }
  },
  "dependencies": {
    "@types/node": {
      "version": "18.15.11",
      "resolved": "https://registry.npmjs.org/@types/node/-/node-18.15.11.tgz",
      "integrity": "sha512-E5Kwq2n4SbMzQOn6wnmBjuK9ouqlURrcZDVfbo9ftDDTFt3nk7ZKK4GMOzoYgnpQJKcxwQw+lGaBvvlMo0qN/Q==",
      "dev": true
    },
    "basic-ftp": {
      "version": "5.0.2",
      "resolved": "https://registry.npmjs.org/basic-ftp/-/basic-ftp-5.0.2.tgz",
      "integrity": "sha512-NgkBwqp7rkhIUBaxLwL601lvUuBUvShJocrLYdiyTsH1WeP/wofMdooZ4p6hz+4hqiU59PBOj0EkaqELwFJLuQ=="
    },
    "get-3gpp-spec": {
      "version": "git+ssh://git@github.com/proj3rd/get-3gpp-spec.git#9b78b8461ec69b7cecfb187f815dec5f8e9afd70",
      "from": "get-3gpp-spec@proj3rd/get-3gpp-spec",
      "requires": {
        "basic-ftp": "^5.0.2"
      }
    },
    "typescript": {
      "version": "5.0.3",
      "resolved": "https://registry.npmjs.org/typescript/-/typescript-5.0.3.tgz",
      "integrity": "sha512-xv8mOEDnigb/tN9PSMTwSEqAnUvkoXMQlicOb0IUVDBSQCgBSaAAROUZYy2IcUy5qU6XajK5jjjO7TMWqBTKZA==",
      "dev": true
    }
  }
}
